
Microsoft Visual Studio Solution File, Format Version 12.00
# Visual Studio 15
VisualStudioVersion = 15.0.27004.2008
MinimumVisualStudioVersion = 10.0.40219.1
Project("{9A19103F-16F7-4668-BE54-9A1E7A4F7556}") = "Jiguang.JPush", "Jiguang.JPush.csproj", "{876384B3-898F-4392-8E20-30A1D9E393F0}"
EndProject
Project("{9A19103F-16F7-4668-BE54-9A1E7A4F7556}") = "Example", "..\Example\Example.csproj", "{E87821A4-FB7B-4744-8188-17C348ABCE55}"
EndProject
Global
	GlobalSection(SolutionConfigurationPlatforms) = preSolution
		Debug|Any CPU = Debug|Any CPU
		Release|Any CPU = Release|Any CPU
	EndGlobalSection
	GlobalSection(ProjectConfigurationPlatforms) = postSolution
		{876384B3-898F-4392-8E20-30A1D9E393F0}.Debug|Any CPU.ActiveCfg = Debug|Any CPU
		{876384B3-898F-4392-8E20-30A1D9E393F0}.Debug|Any CPU.Build.0 = Debug|Any CPU
		{876384B3-898F-4392-8E20-30A1D9E393F0}.Release|Any CPU.ActiveCfg = Release|Any CPU
		{876384B3-898F-4392-8E20-30A1D9E393F0}.Release|Any CPU.Build.0 = Release|Any CPU
		{E87821A4-FB7B-4744-8188-17C348ABCE55}.Debug|Any CPU.ActiveCfg = Debug|Any CPU
		{E87821A4-FB7B-4744-8188-17C348ABCE55}.Debug|Any CPU.Build.0 = Debug|Any CPU
		{E87821A4-FB7B-4744-8188-17C348ABCE55}.Release|Any CPU.ActiveCfg = Release|Any CPU
		{E87821A4-FB7B-4744-8188-17C348ABCE55}.Release|Any CPU.Build.0 = Release|Any CPU
	EndGlobalSection
	GlobalSection(SolutionProperties) = preSolution
		HideSolutionNode = FALSE
	EndGlobalSection
	GlobalSection(ExtensibilityGlobals) = postSolution
		SolutionGuid = {D1965B1D-21CA-4A32-8ACC-8B473FC7C659}
	EndGlobalSection
EndGlobal
